{
  "requires": true,
  "lockfileVersion": 1,
  "dependencies": {
    "miniprogram-api-promise": {
      "version": "1.0.4",
      "resolved": "https://registry.npmjs.org/miniprogram-api-promise/-/miniprogram-api-promise-1.0.4.tgz",
      "integrity": "sha512-lS2ukj03Ugy8IJUDmdssklLT4kjzyRtVYwErhyDZkzxtqcxaed2xldRgNrsikigeMUBR9gAs7wgnjSKPlyKIYg=="
    },
    "miniprogram-api-typings": {
      "version": "3.2.2",
      "resolved": "https://registry.npmjs.org/miniprogram-api-typings/-/miniprogram-api-typings-3.2.2.tgz",
      "integrity": "sha512-7TSeYV3Z4sUAw802K+bIFTRlQNUzl2GZ4zWnh5fMETjDsU7e8+uLzK7vF9Nd9TGYcePPhoHee25K86oHfDnxLA=="
    }
  }
}
